
Microsoft Visual Studio Solution File, Format Version 12.00
# Visual Studio Version 16
VisualStudioVersion = 16.0.29926.136
MinimumVisualStudioVersion = 10.0.40219.1
Project("{8BC9CEB8-8B4A-11D0-8D11-00A0C91BC942}") = "01 read_write", "01 read_write\01 read_write.vcxproj", "{4B020661-D64D-415D-AE73-6FF21482BD82}"
EndProject
Project("{8BC9CEB8-8B4A-11D0-8D11-00A0C91BC942}") = "02 data_sum", "02 data_sum\02 data_sum.vcxproj", "{28DA428A-F103-4272-9544-B70573D02291}"
EndProject
Global
	GlobalSection(SolutionConfigurationPlatforms) = preSolution
		Debug|x64 = Debug|x64
		Debug|x86 = Debug|x86
		Release|x64 = Release|x64
		Release|x86 = Release|x86
	EndGlobalSection
	GlobalSection(ProjectConfigurationPlatforms) = postSolution
		{4B020661-D64D-415D-AE73-6FF21482BD82}.Debug|x64.ActiveCfg = Debug|x64
		{4B020661-D64D-415D-AE73-6FF21482BD82}.Debug|x64.Build.0 = Debug|x64
		{4B020661-D64D-415D-AE73-6FF21482BD82}.Debug|x86.ActiveCfg = Debug|Win32
		{4B020661-D64D-415D-AE73-6FF21482BD82}.Debug|x86.Build.0 = Debug|Win32
		{4B020661-D64D-415D-AE73-6FF21482BD82}.Release|x64.ActiveCfg = Release|x64
		{4B020661-D64D-415D-AE73-6FF21482BD82}.Release|x64.Build.0 = Release|x64
		{4B020661-D64D-415D-AE73-6FF21482BD82}.Release|x86.ActiveCfg = Release|Win32
		{4B020661-D64D-415D-AE73-6FF21482BD82}.Release|x86.Build.0 = Release|Win32
		{28DA428A-F103-4272-9544-B70573D02291}.Debug|x64.ActiveCfg = Debug|x64
		{28DA428A-F103-4272-9544-B70573D02291}.Debug|x64.Build.0 = Debug|x64
		{28DA428A-F103-4272-9544-B70573D02291}.Debug|x86.ActiveCfg = Debug|Win32
		{28DA428A-F103-4272-9544-B70573D02291}.Debug|x86.Build.0 = Debug|Win32
		{28DA428A-F103-4272-9544-B70573D02291}.Release|x64.ActiveCfg = Release|x64
		{28DA428A-F103-4272-9544-B70573D02291}.Release|x64.Build.0 = Release|x64
		{28DA428A-F103-4272-9544-B70573D02291}.Release|x86.ActiveCfg = Release|Win32
		{28DA428A-F103-4272-9544-B70573D02291}.Release|x86.Build.0 = Release|Win32
	EndGlobalSection
	GlobalSection(SolutionProperties) = preSolution
		HideSolutionNode = FALSE
	EndGlobalSection
	GlobalSection(ExtensibilityGlobals) = postSolution
		SolutionGuid = {733E3A35-C115-418E-94AA-D70E6C7A2924}
	EndGlobalSection
EndGlobal
